
Microsoft Visual Studio Solution File, Format Version 12.00
# Visual Studio Version 16
VisualStudioVersion = 16.0.31624.102
MinimumVisualStudioVersion = 10.0.40219.1
Project("{FAE04EC0-301F-11D3-BF4B-00C04F79EFBC}") = "ts1", "ts1\ts1.csproj", "{70CC5228-9C49-4B31-9B36-DA3B851D936C}"
EndProject
Global
	GlobalSection(SolutionConfigurationPlatforms) = preSolution
		Debug|Any CPU = Debug|Any CPU
		Release|Any CPU = Release|Any CPU
	EndGlobalSection
	GlobalSection(ProjectConfigurationPlatforms) = postSolution
		{70CC5228-9C49-4B31-9B36-DA3B851D936C}.Debug|Any CPU.ActiveCfg = Debug|Any CPU
		{70CC5228-9C49-4B31-9B36-DA3B851D936C}.Debug|Any CPU.Build.0 = Debug|Any CPU
		{70CC5228-9C49-4B31-9B36-DA3B851D936C}.Release|Any CPU.ActiveCfg = Release|Any CPU
		{70CC5228-9C49-4B31-9B36-DA3B851D936C}.Release|Any CPU.Build.0 = Release|Any CPU
	EndGlobalSection
	GlobalSection(SolutionProperties) = preSolution
		HideSolutionNode = FALSE
	EndGlobalSection
	GlobalSection(ExtensibilityGlobals) = postSolution
		SolutionGuid = {78D39361-FD30-41E8-96B6-CF35787DB3B9}
	EndGlobalSection
EndGlobal
