
Microsoft Visual Studio Solution File, Format Version 12.00
# Visual Studio Version 16
VisualStudioVersion = 16.0.31624.102
MinimumVisualStudioVersion = 10.0.40219.1
Project("{FAE04EC0-301F-11D3-BF4B-00C04F79EFBC}") = "Task3", "Task3\Task3.csproj", "{25A85669-CAB4-4A9C-8357-9DC1CF13E53F}"
EndProject
Global
	GlobalSection(SolutionConfigurationPlatforms) = preSolution
		Debug|Any CPU = Debug|Any CPU
		Release|Any CPU = Release|Any CPU
	EndGlobalSection
	GlobalSection(ProjectConfigurationPlatforms) = postSolution
		{25A85669-CAB4-4A9C-8357-9DC1CF13E53F}.Debug|Any CPU.ActiveCfg = Debug|Any CPU
		{25A85669-CAB4-4A9C-8357-9DC1CF13E53F}.Debug|Any CPU.Build.0 = Debug|Any CPU
		{25A85669-CAB4-4A9C-8357-9DC1CF13E53F}.Release|Any CPU.ActiveCfg = Release|Any CPU
		{25A85669-CAB4-4A9C-8357-9DC1CF13E53F}.Release|Any CPU.Build.0 = Release|Any CPU
	EndGlobalSection
	GlobalSection(SolutionProperties) = preSolution
		HideSolutionNode = FALSE
	EndGlobalSection
	GlobalSection(ExtensibilityGlobals) = postSolution
		SolutionGuid = {F236296D-C596-4D43-A21F-864ADCB06F20}
	EndGlobalSection
EndGlobal
