
Microsoft Visual Studio Solution File, Format Version 12.00
# Visual Studio Version 16
VisualStudioVersion = 16.0.31624.102
MinimumVisualStudioVersion = 10.0.40219.1
Project("{FAE04EC0-301F-11D3-BF4B-00C04F79EFBC}") = "Task7", "Task7\Task7.csproj", "{F02A67AF-3FF6-486F-A7AE-4F7277333BEF}"
EndProject
Global
	GlobalSection(SolutionConfigurationPlatforms) = preSolution
		Debug|Any CPU = Debug|Any CPU
		Release|Any CPU = Release|Any CPU
	EndGlobalSection
	GlobalSection(ProjectConfigurationPlatforms) = postSolution
		{F02A67AF-3FF6-486F-A7AE-4F7277333BEF}.Debug|Any CPU.ActiveCfg = Debug|Any CPU
		{F02A67AF-3FF6-486F-A7AE-4F7277333BEF}.Debug|Any CPU.Build.0 = Debug|Any CPU
		{F02A67AF-3FF6-486F-A7AE-4F7277333BEF}.Release|Any CPU.ActiveCfg = Release|Any CPU
		{F02A67AF-3FF6-486F-A7AE-4F7277333BEF}.Release|Any CPU.Build.0 = Release|Any CPU
	EndGlobalSection
	GlobalSection(SolutionProperties) = preSolution
		HideSolutionNode = FALSE
	EndGlobalSection
	GlobalSection(ExtensibilityGlobals) = postSolution
		SolutionGuid = {FC77D844-418D-4E1A-885E-0E115B664F72}
	EndGlobalSection
EndGlobal
